{
  "nodes": {
    "brew-src": {
      "flake": false,
      "locked": {
        "lastModified": 1787796349,
        "narHash": "sha256-5s+MJAFyemD6lvrtL2c0jQ7P/XChdx1MPXzoCaQY+ic=",
        "owner": "Homebrew",
        "repo": "brew",
        "rev": "3e3da86e4eaccd23f4ce43df9b0a31b16c707347",
        "type": "github"
      },
      "original": {
        "owner": "Homebrew",
        "ref": "6.0.20",
        "repo": "brew",
        "type": "github"
      }
    },
    "flake-parts": {
      "inputs": {
        "nixpkgs-lib": [
          "neovim-nightly-overlay",
          "nixpkgs"
        ]
      },
      "locked": {
        "lastModified": 1788450739,
        "narHash": "sha256-glZLQlzIn1fXH6PazR2iUmTo7kzzyYSshrWhLS9TqCU=",
        "owner": "hercules-ci",
        "repo": "flake-parts",
        "rev": "31729ca8cbdb4fa927b34e5f4353e6a83f39e993",
        "type": "github"
      },
      "original": {
        "owner": "hercules-ci",
        "repo": "flake-parts",
        "type": "github"
      }
    },
    "home-manager": {
      "inputs": {
        "nixpkgs": [
          "nixpkgs"
        ]
      },
      "locked": {
        "lastModified": 1788651960,
        "narHash": "sha256-v9wJd32eZ2bvhBzVOd7TIjLQd011P7nwOhjKtWlci5I=",
        "owner": "nix-community",
        "repo": "home-manager",
        "rev": "2c0350c759688177331b8f5242311fae8877bdb3",
        "type": "github"
      },
      "original": {
        "owner": "nix-community",
        "repo": "home-manager",
        "type": "github"
      }
    },
    "neovim-nightly-overlay": {
      "inputs": {
        "flake-parts": "flake-parts",
        "neovim-src": "neovim-src",
        "nixpkgs": [
          "nixpkgs"
        ]
      },
      "locked": {
        "lastModified": 1788825759,
        "narHash": "sha256-+MavlPFPQWlZQC6aiXKkXHlXgprCsA3xfP1i/KqMAeE=",
        "owner": "nix-community",
        "repo": "neovim-nightly-overlay",
        "rev": "924e2b8734b67d46d24c191303c0be69436ec862",
        "type": "github"
      },
      "original": {
        "owner": "nix-community",
        "repo": "neovim-nightly-overlay",
        "type": "github"
      }
    },
    "neovim-src": {
      "flake": false,
      "locked": {
        "lastModified": 1788808260,
        "narHash": "sha256-VqOosQPqvhzbsujh/gLesubc1FOjHGVV9+P//4HbM9o=",
        "owner": "neovim",
        "repo": "neovim",
        "rev": "8d5ebdf986226e182b26f9590e65f2ad678b1ca3",
        "type": "github"
      },
      "original": {
        "owner": "neovim",
        "repo": "neovim",
        "type": "github"
      }
    },
    "nix-darwin": {
      "inputs": {
        "nixpkgs": [
          "nixpkgs"
        ]
      },
      "locked": {
        "lastModified": 1786845137,
        "narHash": "sha256-oQFip+v0luP8NIxJzmiW4Wu8bILsbFWom5l0zonl8hQ=",
        "owner": "nix-darwin",
        "repo": "nix-darwin",
        "rev": "4cff07de74b50e64bdd68cd4e722ab5b6b35ee48",
        "type": "github"
      },
      "original": {
        "owner": "nix-darwin",
        "ref": "master",
        "repo": "nix-darwin",
        "type": "github"
      }
    },
    "nix-homebrew": {
      "inputs": {
        "brew-src": "brew-src"
      },
      "locked": {
        "lastModified": 1788444135,
        "narHash": "sha256-ChwTDZPvTmEgZdS30dUfgdXlzAPtZAUWwEH/PfDXZmg=",
        "owner": "zhaofengli",
        "repo": "nix-homebrew",
        "rev": "ec8417a617de4d3c739aed40837e308ebd667165",
        "type": "github"
      },
      "original": {
        "owner": "zhaofengli",
        "repo": "nix-homebrew",
        "type": "github"
      }
    },
    "nixpkgs": {
      "locked": {
        "lastModified": 1788834054,
        "narHash": "sha256-9dzTcXMtlknZyT47Vv1PnpGgN7UYA8WxxqyxsKdvYbo=",
        "owner": "nixos",
        "repo": "nixpkgs",
        "rev": "e9b9cbecbf6c25ca26c150d78570e6332694a129",
        "type": "github"
      },
      "original": {
        "owner": "nixos",
        "ref": "nixpkgs-unstable",
        "repo": "nixpkgs",
        "type": "github"
      }
    },
    "private-assets": {
      "flake": false,
      "locked": {
        "lastModified": 1788319684,
        "narHash": "sha256-VsgAPH7V7/FM6D5JPjZEP84/ZQ9nc4ZsXNWfntj7KeY=",
        "ref": "refs/heads/main",
        "rev": "e3f97a954cf2af4c66bf3fc0b7db31f73d8f9252",
        "shallow": true,
        "type": "git",
        "url": "ssh://git@github.com/chaosteil/private-assets.git"
      },
      "original": {
        "shallow": true,
        "type": "git",
        "url": "ssh://git@github.com/chaosteil/private-assets.git"
      }
    },
    "root": {
      "inputs": {
        "home-manager": "home-manager",
        "neovim-nightly-overlay": "neovim-nightly-overlay",
        "nix-darwin": "nix-darwin",
        "nix-homebrew": "nix-homebrew",
        "nixpkgs": "nixpkgs",
        "private-assets": "private-assets",
        "rust-overlay": "rust-overlay",
        "skill-bevy": "skill-bevy",
        "skill-frontend-slides": "skill-frontend-slides",
        "skill-jujutsu": "skill-jujutsu",
        "skill-simple-english": "skill-simple-english"
      }
    },
    "rust-overlay": {
      "inputs": {
        "nixpkgs": [
          "nixpkgs"
        ]
      },
      "locked": {
        "lastModified": 1788851328,
        "narHash": "sha256-YOwlUD0Lt/3SulKhZ7z0Jmgbq/DWh8SjnGwUlFSw+YM=",
        "owner": "oxalica",
        "repo": "rust-overlay",
        "rev": "6ae57a71bcb0bebc7a66cc2bd76942c4cf649167",
        "type": "github"
      },
      "original": {
        "owner": "oxalica",
        "repo": "rust-overlay",
        "type": "github"
      }
    },
    "skill-bevy": {
      "flake": false,
      "locked": {
        "lastModified": 1788061341,
        "narHash": "sha256-pTfBRT5YVx50s5n48QCbFl0UK2OX8uPSJIt4L/266sc=",
        "owner": "bfollington",
        "repo": "terma",
        "rev": "75e1bac2317daecf42f5403f2e37c9b3bc434994",
        "type": "github"
      },
      "original": {
        "owner": "bfollington",
        "repo": "terma",
        "type": "github"
      }
    },
    "skill-frontend-slides": {
      "flake": false,
      "locked": {
        "lastModified": 1782245298,
        "narHash": "sha256-qp2oCn5+YbMZrWCnN7zt/ee1nm/vBGsdb+AIUjIldyY=",
        "owner": "zarazhangrui",
        "repo": "frontend-slides",
        "rev": "9906a34d640d2111f724544cbc50f7f130569ae1",
        "type": "github"
      },
      "original": {
        "owner": "zarazhangrui",
        "repo": "frontend-slides",
        "type": "github"
      }
    },
    "skill-jujutsu": {
      "flake": false,
      "locked": {
        "lastModified": 1781318777,
        "narHash": "sha256-EcQWhnk4KQBQncemlQQTn2XXvUXVdYKkB2OJSpGQ4AI=",
        "owner": "danverbraganza",
        "repo": "jujutsu-skill",
        "rev": "b0668317ec8b375ea3d5815d3f029f4104443a0b",
        "type": "github"
      },
      "original": {
        "owner": "danverbraganza",
        "repo": "jujutsu-skill",
        "type": "github"
      }
    },
    "skill-simple-english": {
      "flake": false,
      "locked": {
        "lastModified": 1788270257,
        "narHash": "sha256-MvpTaax46cXIHDzkFxhtI8eLK6X9iTZpZW6UTiyG8sw=",
        "owner": "AminBlg",
        "repo": "SimpleEnglish",
        "rev": "d9e523409686e88df175623f7a692d025aff95b1",
        "type": "github"
      },
      "original": {
        "owner": "AminBlg",
        "ref": "v2.0.0",
        "repo": "SimpleEnglish",
        "type": "github"
      }
    }
  },
  "root": "root",
  "version": 7
}
