{
  "nodes": {
    "brew-src": {
      "flake": false,
      "locked": {
        "lastModified": 1788591592,
        "narHash": "sha256-NbwVKwKLFl0oXub7oPjvmDaOygCtV2oboeKTu4xXFTk=",
        "owner": "Homebrew",
        "repo": "brew",
        "rev": "08e85c4e42f5d8f1ea17c36cb59cf61c2ccb26c3",
        "type": "github"
      },
      "original": {
        "owner": "Homebrew",
        "ref": "6.0.22",
        "repo": "brew",
        "type": "github"
      }
    },
    "flake-parts": {
      "inputs": {
        "nixpkgs-lib": [
          "neovim-nightly-overlay",
          "nixpkgs"
        ]
      },
      "locked": {
        "lastModified": 1788450739,
        "narHash": "sha256-glZLQlzIn1fXH6PazR2iUmTo7kzzyYSshrWhLS9TqCU=",
        "owner": "hercules-ci",
        "repo": "flake-parts",
        "rev": "31729ca8cbdb4fa927b34e5f4353e6a83f39e993",
        "type": "github"
      },
      "original": {
        "owner": "hercules-ci",
        "repo": "flake-parts",
        "type": "github"
      }
    },
    "home-manager": {
      "inputs": {
        "nixpkgs": [
          "nixpkgs"
        ]
      },
      "locked": {
        "lastModified": 1789273010,
        "narHash": "sha256-E7dWx+utzZPpqQsBUd5sMimKTWMEEbTKFD+ya99Shps=",
        "owner": "nix-community",
        "repo": "home-manager",
        "rev": "fdc36b12804b0179b24a5ffd282e4c95c37072e2",
        "type": "github"
      },
      "original": {
        "owner": "nix-community",
        "repo": "home-manager",
        "type": "github"
      }
    },
    "neovim-nightly-overlay": {
      "inputs": {
        "flake-parts": "flake-parts",
        "neovim-src": "neovim-src",
        "nixpkgs": [
          "nixpkgs"
        ]
      },
      "locked": {
        "lastModified": 1789257758,
        "narHash": "sha256-96Ji3WsTgQZVHtIusNNCWAh0t0Q3rUKKWkcoRy4ft0k=",
        "owner": "nix-community",
        "repo": "neovim-nightly-overlay",
        "rev": "47991b85b6f78a5606b00267c85132306b6cb3a2",
        "type": "github"
      },
      "original": {
        "owner": "nix-community",
        "repo": "neovim-nightly-overlay",
        "type": "github"
      }
    },
    "neovim-src": {
      "flake": false,
      "locked": {
        "lastModified": 1789253430,
        "narHash": "sha256-N7RNlH2n+5Ef9nYQL8/+8e81YNSpi/8DrX48AUkh+Yo=",
        "owner": "neovim",
        "repo": "neovim",
        "rev": "ac36bab805a8ef7d410b57383ca1d6bd20153636",
        "type": "github"
      },
      "original": {
        "owner": "neovim",
        "repo": "neovim",
        "type": "github"
      }
    },
    "nix-darwin": {
      "inputs": {
        "nixpkgs": [
          "nixpkgs"
        ]
      },
      "locked": {
        "lastModified": 1786845137,
        "narHash": "sha256-oQFip+v0luP8NIxJzmiW4Wu8bILsbFWom5l0zonl8hQ=",
        "owner": "nix-darwin",
        "repo": "nix-darwin",
        "rev": "4cff07de74b50e64bdd68cd4e722ab5b6b35ee48",
        "type": "github"
      },
      "original": {
        "owner": "nix-darwin",
        "ref": "master",
        "repo": "nix-darwin",
        "type": "github"
      }
    },
    "nix-homebrew": {
      "inputs": {
        "brew-src": "brew-src"
      },
      "locked": {
        "lastModified": 1788981439,
        "narHash": "sha256-fEaFq0XgpgWFPLfpq1UK4/8ylHd2T0+fo6O3hKz1LUM=",
        "owner": "zhaofengli",
        "repo": "nix-homebrew",
        "rev": "09a921d0181146cf6163ec2cc1db7b6fd539a885",
        "type": "github"
      },
      "original": {
        "owner": "zhaofengli",
        "repo": "nix-homebrew",
        "type": "github"
      }
    },
    "nixpkgs": {
      "locked": {
        "lastModified": 1789073787,
        "narHash": "sha256-xfX/toC2QV707s06GbP4II/TxYF0fNQj7s5/LClNDKc=",
        "owner": "nixos",
        "repo": "nixpkgs",
        "rev": "aff8a0b28396750446e5537a96461bc4facdb287",
        "type": "github"
      },
      "original": {
        "owner": "nixos",
        "ref": "nixpkgs-unstable",
        "repo": "nixpkgs",
        "type": "github"
      }
    },
    "private-assets": {
      "flake": false,
      "locked": {
        "lastModified": 1788319684,
        "narHash": "sha256-VsgAPH7V7/FM6D5JPjZEP84/ZQ9nc4ZsXNWfntj7KeY=",
        "ref": "refs/heads/main",
        "rev": "e3f97a954cf2af4c66bf3fc0b7db31f73d8f9252",
        "shallow": true,
        "type": "git",
        "url": "ssh://git@github.com/chaosteil/private-assets.git"
      },
      "original": {
        "shallow": true,
        "type": "git",
        "url": "ssh://git@github.com/chaosteil/private-assets.git"
      }
    },
    "root": {
      "inputs": {
        "home-manager": "home-manager",
        "neovim-nightly-overlay": "neovim-nightly-overlay",
        "nix-darwin": "nix-darwin",
        "nix-homebrew": "nix-homebrew",
        "nixpkgs": "nixpkgs",
        "private-assets": "private-assets",
        "rust-overlay": "rust-overlay",
        "skill-bevy": "skill-bevy",
        "skill-frontend-slides": "skill-frontend-slides",
        "skill-jujutsu": "skill-jujutsu",
        "skill-simple-english": "skill-simple-english"
      }
    },
    "rust-overlay": {
      "inputs": {
        "nixpkgs": [
          "nixpkgs"
        ]
      },
      "locked": {
        "lastModified": 1789196581,
        "narHash": "sha256-yJr1Bt4fKkKIpPYbsKGqJ0VFdoDnURgRwuffmBQ2WzY=",
        "owner": "oxalica",
        "repo": "rust-overlay",
        "rev": "228ecefb6329d5a531b77b46b581a2f0c26ee056",
        "type": "github"
      },
      "original": {
        "owner": "oxalica",
        "repo": "rust-overlay",
        "type": "github"
      }
    },
    "skill-bevy": {
      "flake": false,
      "locked": {
        "lastModified": 1788061341,
        "narHash": "sha256-pTfBRT5YVx50s5n48QCbFl0UK2OX8uPSJIt4L/266sc=",
        "owner": "bfollington",
        "repo": "terma",
        "rev": "75e1bac2317daecf42f5403f2e37c9b3bc434994",
        "type": "github"
      },
      "original": {
        "owner": "bfollington",
        "repo": "terma",
        "type": "github"
      }
    },
    "skill-frontend-slides": {
      "flake": false,
      "locked": {
        "lastModified": 1782245298,
        "narHash": "sha256-qp2oCn5+YbMZrWCnN7zt/ee1nm/vBGsdb+AIUjIldyY=",
        "owner": "zarazhangrui",
        "repo": "frontend-slides",
        "rev": "9906a34d640d2111f724544cbc50f7f130569ae1",
        "type": "github"
      },
      "original": {
        "owner": "zarazhangrui",
        "repo": "frontend-slides",
        "type": "github"
      }
    },
    "skill-jujutsu": {
      "flake": false,
      "locked": {
        "lastModified": 1781318777,
        "narHash": "sha256-EcQWhnk4KQBQncemlQQTn2XXvUXVdYKkB2OJSpGQ4AI=",
        "owner": "danverbraganza",
        "repo": "jujutsu-skill",
        "rev": "b0668317ec8b375ea3d5815d3f029f4104443a0b",
        "type": "github"
      },
      "original": {
        "owner": "danverbraganza",
        "repo": "jujutsu-skill",
        "type": "github"
      }
    },
    "skill-simple-english": {
      "flake": false,
      "locked": {
        "lastModified": 1788270257,
        "narHash": "sha256-MvpTaax46cXIHDzkFxhtI8eLK6X9iTZpZW6UTiyG8sw=",
        "owner": "AminBlg",
        "repo": "SimpleEnglish",
        "rev": "d9e523409686e88df175623f7a692d025aff95b1",
        "type": "github"
      },
      "original": {
        "owner": "AminBlg",
        "ref": "v2.0.0",
        "repo": "SimpleEnglish",
        "type": "github"
      }
    }
  },
  "root": "root",
  "version": 7
}
